# THIS IS AN AUTOGENERATED FILE. DO NOT EDIT THIS FILE DIRECTLY.
# yarn lockfile v1


"@assemblyscript/loader@^0.14.12":
  version "0.14.12"
  resolved "https://registry.yarnpkg.com/@assemblyscript/loader/-/loader-0.14.12.tgz#a73ae0327d7f99d149232f4656d7bf74c39fcca9"
  integrity sha512-QmdJNivyUqoSAkyXBnEAhm4S2rXI3tjh+rgxNiZbQdeBviNNM1fdqRRFngY22s0f6Eti6mFU2S3LAQpErNPqrg==

assemblyscript@^0.14.12:
  version "0.14.12"
  resolved "https://registry.yarnpkg.com/assemblyscript/-/assemblyscript-0.14.12.tgz#936e2fc5b8d4a43a7f3906e09a8112c7644dcdfd"
  integrity sha512-dDREFBYv2ea1ZoPOZEx6PV5Q4yyOKipQBH2g8jmPcPv+ad+CvJfCx19+Z/SfD0KaVxTliSzJhQLP8yBZXzna2g==
  dependencies:
    binaryen "97.0.0-nightly.20200919"
    long "^4.0.0"

binaryen@97.0.0-nightly.20200919:
  version "97.0.0-nightly.20200919"
  resolved "https://registry.yarnpkg.com/binaryen/-/binaryen-97.0.0-nightly.20200919.tgz#40660f7c355701f8e7d842fb894e4dded564ac1a"
  integrity sha512-BqKZxONTh53SVl2QUqVidoSo/nvL6FMKUG21SvB6V46M1Y6EbJrXES5Nt2c9XYveWpJjA297zIoxTUdI/PMDSA==

long@^4.0.0:
  version "4.0.0"
  resolved "https://registry.yarnpkg.com/long/-/long-4.0.0.tgz#9a7b71cfb7d361a194ea555241c92f7468d5bf28"
  integrity sha512-XsP+KhQif4bjX1kbuSiySJFNAehNxgLb6hPRGJ9QsUr8ajHkuXGdrHmFUTUUXhDwVX2R5bY4JNZEwbUiMhV+MA==
